// !$*UTF8*$!
{
	archiveVersion = 1;
	classes = {
	};
	objectVersion = 56;
	objects = {

/* Begin PBXBuildFile section */
		0E25269AD39F077936C3A6FC /* Pods_Todoey.framework in Frameworks */ = {isa = PBXBuildFile; fileRef = 4A93D99958F028988DA136A2 /* Pods_Todoey.framework */; };
		6318E06729AFB4F20028F4F8 /* DataTableViewCell.swift in Sources */ = {isa = PBXBuildFile; fileRef = 6318E06629AFB4F20028F4F8 /* DataTableViewCell.swift */; };
		6318E06A29AFC2B60028F4F8 /* SectionViewController.swift in Sources */ = {isa = PBXBuildFile; fileRef = 6318E06929AFC2B60028F4F8 /* SectionViewController.swift */; };
		6318E06E29AFD0C50028F4F8 /* ItemManager.swift in Sources */ = {isa = PBXBuildFile; fileRef = 6318E06D29AFD0C50028F4F8 /* ItemManager.swift */; };
		6375155329B513B0009C6B2A /* TodoeyItem+CoreDataProperties copy.swift in Sources */ = {isa = PBXBuildFile; fileRef = 6375154F29B513B0009C6B2A /* TodoeyItem+CoreDataProperties copy.swift */; };
		6375155429B513B0009C6B2A /* TodoeySection+CoreDataClass copy.swift in Sources */ = {isa = PBXBuildFile; fileRef = 6375155029B513B0009C6B2A /* TodoeySection+CoreDataClass copy.swift */; };
		6375155529B513B0009C6B2A /* TodoeySection+CoreDataProperties copy.swift in Sources */ = {isa = PBXBuildFile; fileRef = 6375155129B513B0009C6B2A /* TodoeySection+CoreDataProperties copy.swift */; };
		6375155629B513B0009C6B2A /* TodoeyItem+CoreDataClass copy.swift in Sources */ = {isa = PBXBuildFile; fileRef = 6375155229B513B0009C6B2A /* TodoeyItem+CoreDataClass copy.swift */; };
		6375155829B5345A009C6B2A /* Constants.swift in Sources */ = {isa = PBXBuildFile; fileRef = 6375155729B5345A009C6B2A /* Constants.swift */; };
		6378B0DD29B08D1E0052BBBC /* SectionManager.swift in Sources */ = {isa = PBXBuildFile; fileRef = 6378B0DC29B08D1E0052BBBC /* SectionManager.swift */; };
		63E9E91129ACE83E000E4CDF /* AppDelegate.swift in Sources */ = {isa = PBXBuildFile; fileRef = 63E9E91029ACE83E000E4CDF /* AppDelegate.swift */; };
		63E9E91329ACE83E000E4CDF /* SceneDelegate.swift in Sources */ = {isa = PBXBuildFile; fileRef = 63E9E91229ACE83E000E4CDF /* SceneDelegate.swift */; };
		63E9E91529ACE83E000E4CDF /* ItemViewController.swift in Sources */ = {isa = PBXBuildFile; fileRef = 63E9E91429ACE83E000E4CDF /* ItemViewController.swift */; };
		63E9E91D29ACE841000E4CDF /* Assets.xcassets in Resources */ = {isa = PBXBuildFile; fileRef = 63E9E91C29ACE841000E4CDF /* Assets.xcassets */; };
		63E9E92029ACE841000E4CDF /* LaunchScreen.storyboard in Resources */ = {isa = PBXBuildFile; fileRef = 63E9E91E29ACE841000E4CDF /* LaunchScreen.storyboard */; };
		63E9E92B29ACFA3D000E4CDF /* Todoey.xcdatamodeld in Resources */ = {isa = PBXBuildFile; fileRef = 63E9E91929ACE83E000E4CDF /* Todoey.xcdatamodeld */; };
/* End PBXBuildFile section */

/* Begin PBXFileReference section */
		4A93D99958F028988DA136A2 /* Pods_Todoey.framework */ = {isa = PBXFileReference; explicitFileType = wrapper.framework; includeInIndex = 0; path = Pods_Todoey.framework; sourceTree = BUILT_PRODUCTS_DIR; };
		6318E06629AFB4F20028F4F8 /* DataTableViewCell.swift */ = {isa = PBXFileReference; lastKnownFileType = sourcecode.swift; path = DataTableViewCell.swift; sourceTree = "<group>"; };
		6318E06929AFC2B60028F4F8 /* SectionViewController.swift */ = {isa = PBXFileReference; lastKnownFileType = sourcecode.swift; path = SectionViewController.swift; sourceTree = "<group>"; };
		6318E06D29AFD0C50028F4F8 /* ItemManager.swift */ = {isa = PBXFileReference; lastKnownFileType = sourcecode.swift; path = ItemManager.swift; sourceTree = "<group>"; };
		6375154F29B513B0009C6B2A /* TodoeyItem+CoreDataProperties copy.swift */ = {isa = PBXFileReference; fileEncoding = 4; lastKnownFileType = sourcecode.swift; path = "TodoeyItem+CoreDataProperties copy.swift"; sourceTree = "<group>"; };
		6375155029B513B0009C6B2A /* TodoeySection+CoreDataClass copy.swift */ = {isa = PBXFileReference; fileEncoding = 4; lastKnownFileType = sourcecode.swift; path = "TodoeySection+CoreDataClass copy.swift"; sourceTree = "<group>"; };
		6375155129B513B0009C6B2A /* TodoeySection+CoreDataProperties copy.swift */ = {isa = PBXFileReference; fileEncoding = 4; lastKnownFileType = sourcecode.swift; path = "TodoeySection+CoreDataProperties copy.swift"; sourceTree = "<group>"; };
		6375155229B513B0009C6B2A /* TodoeyItem+CoreDataClass copy.swift */ = {isa = PBXFileReference; fileEncoding = 4; lastKnownFileType = sourcecode.swift; path = "TodoeyItem+CoreDataClass copy.swift"; sourceTree = "<group>"; };
		6375155729B5345A009C6B2A /* Constants.swift */ = {isa = PBXFileReference; lastKnownFileType = sourcecode.swift; path = Constants.swift; sourceTree = "<group>"; };
		6378B0DC29B08D1E0052BBBC /* SectionManager.swift */ = {isa = PBXFileReference; lastKnownFileType = sourcecode.swift; path = SectionManager.swift; sourceTree = "<group>"; };
		63E9E90D29ACE83E000E4CDF /* Todoey.app */ = {isa = PBXFileReference; explicitFileType = wrapper.application; includeInIndex = 0; path = Todoey.app; sourceTree = BUILT_PRODUCTS_DIR; };
		63E9E91029ACE83E000E4CDF /* AppDelegate.swift */ = {isa = PBXFileReference; lastKnownFileType = sourcecode.swift; path = AppDelegate.swift; sourceTree = "<group>"; };
		63E9E91229ACE83E000E4CDF /* SceneDelegate.swift */ = {isa = PBXFileReference; lastKnownFileType = sourcecode.swift; path = SceneDelegate.swift; sourceTree = "<group>"; };
		63E9E91429ACE83E000E4CDF /* ItemViewController.swift */ = {isa = PBXFileReference; lastKnownFileType = sourcecode.swift; path = ItemViewController.swift; sourceTree = "<group>"; };
		63E9E91A29ACE83E000E4CDF /* Todoey.xcdatamodel */ = {isa = PBXFileReference; lastKnownFileType = wrapper.xcdatamodel; path = Todoey.xcdatamodel; sourceTree = "<group>"; };
		63E9E91C29ACE841000E4CDF /* Assets.xcassets */ = {isa = PBXFileReference; lastKnownFileType = folder.assetcatalog; path = Assets.xcassets; sourceTree = "<group>"; };
		63E9E91F29ACE841000E4CDF /* Base */ = {isa = PBXFileReference; lastKnownFileType = file.storyboard; name = Base; path = Base.lproj/LaunchScreen.storyboard; sourceTree = "<group>"; };
		63E9E92129ACE841000E4CDF /* Info.plist */ = {isa = PBXFileReference; lastKnownFileType = text.plist.xml; path = Info.plist; sourceTree = "<group>"; };
		7A389BC14843DD45B103A178 /* Pods-Todoey.debug.xcconfig */ = {isa = PBXFileReference; includeInIndex = 1; lastKnownFileType = text.xcconfig; name = "Pods-Todoey.debug.xcconfig"; path = "Target Support Files/Pods-Todoey/Pods-Todoey.debug.xcconfig"; sourceTree = "<group>"; };
		B6DBE54F0D6234297BDC2229 /* Pods-Todoey.release.xcconfig */ = {isa = PBXFileReference; includeInIndex = 1; lastKnownFileType = text.xcconfig; name = "Pods-Todoey.release.xcconfig"; path = "Target Support Files/Pods-Todoey/Pods-Todoey.release.xcconfig"; sourceTree = "<group>"; };
/* End PBXFileReference section */

/* Begin PBXFrameworksBuildPhase section */
		63E9E90A29ACE83E000E4CDF /* Frameworks */ = {
			isa = PBXFrameworksBuildPhase;
			buildActionMask = 2147483647;
			files = (
				0E25269AD39F077936C3A6FC /* Pods_Todoey.framework in Frameworks */,
			);
			runOnlyForDeploymentPostprocessing = 0;
		};
/* End PBXFrameworksBuildPhase section */

/* Begin PBXGroup section */
		194E7070BCCBA800E51C1F0F /* Pods */ = {
			isa = PBXGroup;
			children = (
				7A389BC14843DD45B103A178 /* Pods-Todoey.debug.xcconfig */,
				B6DBE54F0D6234297BDC2229 /* Pods-Todoey.release.xcconfig */,
			);
			path = Pods;
			sourceTree = "<group>";
		};
		6318E06529AFB4920028F4F8 /* Views */ = {
			isa = PBXGroup;
			children = (
				6318E06629AFB4F20028F4F8 /* DataTableViewCell.swift */,
			);
			path = Views;
			sourceTree = "<group>";
		};
		6318E06829AFBD1B0028F4F8 /* Controllers */ = {
			isa = PBXGroup;
			children = (
				6318E06929AFC2B60028F4F8 /* SectionViewController.swift */,
				63E9E91429ACE83E000E4CDF /* ItemViewController.swift */,
			);
			path = Controllers;
			sourceTree = "<group>";
		};
		6318E06B29AFD09A0028F4F8 /* Models */ = {
			isa = PBXGroup;
			children = (
				6378B0DC29B08D1E0052BBBC /* SectionManager.swift */,
				6318E06D29AFD0C50028F4F8 /* ItemManager.swift */,
				6375155229B513B0009C6B2A /* TodoeyItem+CoreDataClass copy.swift */,
				6375155129B513B0009C6B2A /* TodoeySection+CoreDataProperties copy.swift */,
				6375155029B513B0009C6B2A /* TodoeySection+CoreDataClass copy.swift */,
				6375154F29B513B0009C6B2A /* TodoeyItem+CoreDataProperties copy.swift */,
			);
			name = Models;
			path = ..;
			sourceTree = "<group>";
		};
		63E9E90429ACE83E000E4CDF = {
			isa = PBXGroup;
			children = (
				63E9E90F29ACE83E000E4CDF /* Todoey */,
				63E9E90E29ACE83E000E4CDF /* Products */,
				194E7070BCCBA800E51C1F0F /* Pods */,
				CEE97CA45D3E2D2A7E8678DA /* Frameworks */,
			);
			sourceTree = "<group>";
		};
		63E9E90E29ACE83E000E4CDF /* Products */ = {
			isa = PBXGroup;
			children = (
				63E9E90D29ACE83E000E4CDF /* Todoey.app */,
			);
			name = Products;
			sourceTree = "<group>";
		};
		63E9E90F29ACE83E000E4CDF /* Todoey */ = {
			isa = PBXGroup;
			children = (
				6318E06B29AFD09A0028F4F8 /* Models */,
				6318E06529AFB4920028F4F8 /* Views */,
				63E9E91029ACE83E000E4CDF /* AppDelegate.swift */,
				63E9E91229ACE83E000E4CDF /* SceneDelegate.swift */,
				6318E06829AFBD1B0028F4F8 /* Controllers */,
				63E9E91C29ACE841000E4CDF /* Assets.xcassets */,
				63E9E91E29ACE841000E4CDF /* LaunchScreen.storyboard */,
				63E9E92129ACE841000E4CDF /* Info.plist */,
				63E9E91929ACE83E000E4CDF /* Todoey.xcdatamodeld */,
				6375155729B5345A009C6B2A /* Constants.swift */,
			);
			path = Todoey;
			sourceTree = "<group>";
		};
		CEE97CA45D3E2D2A7E8678DA /* Frameworks */ = {
			isa = PBXGroup;
			children = (
				4A93D99958F028988DA136A2 /* Pods_Todoey.framework */,
			);
			name = Frameworks;
			sourceTree = "<group>";
		};
/* End PBXGroup section */

/* Begin PBXNativeTarget section */
		63E9E90C29ACE83E000E4CDF /* Todoey */ = {
			isa = PBXNativeTarget;
			buildConfigurationList = 63E9E92429ACE841000E4CDF /* Build configuration list for PBXNativeTarget "Todoey" */;
			buildPhases = (
				3B9250AE7805423FD748F969 /* [CP] Check Pods Manifest.lock */,
				63E9E90929ACE83E000E4CDF /* Sources */,
				63E9E90A29ACE83E000E4CDF /* Frameworks */,
				63E9E90B29ACE83E000E4CDF /* Resources */,
				5E3DB382D6992051EF259B2D /* [CP] Embed Pods Frameworks */,
			);
			buildRules = (
			);
			dependencies = (
			);
			name = Todoey;
			productName = Todoey;
			productReference = 63E9E90D29ACE83E000E4CDF /* Todoey.app */;
			productType = "com.apple.product-type.application";
		};
/* End PBXNativeTarget section */

/* Begin PBXProject section */
		63E9E90529ACE83E000E4CDF /* Project object */ = {
			isa = PBXProject;
			attributes = {
				BuildIndependentTargetsInParallel = 1;
				LastSwiftUpdateCheck = 1410;
				LastUpgradeCheck = 1410;
				TargetAttributes = {
					63E9E90C29ACE83E000E4CDF = {
						CreatedOnToolsVersion = 14.1;
					};
				};
			};
			buildConfigurationList = 63E9E90829ACE83E000E4CDF /* Build configuration list for PBXProject "Todoey" */;
			compatibilityVersion = "Xcode 14.0";
			developmentRegion = en;
			hasScannedForEncodings = 0;
			knownRegions = (
				en,
				Base,
			);
			mainGroup = 63E9E90429ACE83E000E4CDF;
			productRefGroup = 63E9E90E29ACE83E000E4CDF /* Products */;
			projectDirPath = "";
			projectRoot = "";
			targets = (
				63E9E90C29ACE83E000E4CDF /* Todoey */,
			);
		};
/* End PBXProject section */

/* Begin PBXResourcesBuildPhase section */
		63E9E90B29ACE83E000E4CDF /* Resources */ = {
			isa = PBXResourcesBuildPhase;
			buildActionMask = 2147483647;
			files = (
				63E9E92B29ACFA3D000E4CDF /* Todoey.xcdatamodeld in Resources */,
				63E9E92029ACE841000E4CDF /* LaunchScreen.storyboard in Resources */,
				63E9E91D29ACE841000E4CDF /* Assets.xcassets in Resources */,
			);
			runOnlyForDeploymentPostprocessing = 0;
		};
/* End PBXResourcesBuildPhase section */

/* Begin PBXShellScriptBuildPhase section */
		3B9250AE7805423FD748F969 /* [CP] Check Pods Manifest.lock */ = {
			isa = PBXShellScriptBuildPhase;
			buildActionMask = 2147483647;
			files = (
			);
			inputFileListPaths = (
			);
			inputPaths = (
				"${PODS_PODFILE_DIR_PATH}/Podfile.lock",
				"${PODS_ROOT}/Manifest.lock",
			);
			name = "[CP] Check Pods Manifest.lock";
			outputFileListPaths = (
			);
			outputPaths = (
				"$(DERIVED_FILE_DIR)/Pods-Todoey-checkManifestLockResult.txt",
			);
			runOnlyForDeploymentPostprocessing = 0;
			shellPath = /bin/sh;
			shellScript = "diff \"${PODS_PODFILE_DIR_PATH}/Podfile.lock\" \"${PODS_ROOT}/Manifest.lock\" > /dev/null\nif [ $? != 0 ] ; then\n    # print error to STDERR\n    echo \"error: The sandbox is not in sync with the Podfile.lock. Run 'pod install' or update your CocoaPods installation.\" >&2\n    exit 1\nfi\n# This output is used by Xcode 'outputs' to avoid re-running this script phase.\necho \"SUCCESS\" > \"${SCRIPT_OUTPUT_FILE_0}\"\n";
			showEnvVarsInLog = 0;
		};
		5E3DB382D6992051EF259B2D /* [CP] Embed Pods Frameworks */ = {
			isa = PBXShellScriptBuildPhase;
			buildActionMask = 2147483647;
			files = (
			);
			inputFileListPaths = (
				"${PODS_ROOT}/Target Support Files/Pods-Todoey/Pods-Todoey-frameworks-${CONFIGURATION}-input-files.xcfilelist",
			);
			name = "[CP] Embed Pods Frameworks";
			outputFileListPaths = (
				"${PODS_ROOT}/Target Support Files/Pods-Todoey/Pods-Todoey-frameworks-${CONFIGURATION}-output-files.xcfilelist",
			);
			runOnlyForDeploymentPostprocessing = 0;
			shellPath = /bin/sh;
			shellScript = "\"${PODS_ROOT}/Target Support Files/Pods-Todoey/Pods-Todoey-frameworks.sh\"\n";
			showEnvVarsInLog = 0;
		};
/* End PBXShellScriptBuildPhase section */

/* Begin PBXSourcesBuildPhase section */
		63E9E90929ACE83E000E4CDF /* Sources */ = {
			isa = PBXSourcesBuildPhase;
			buildActionMask = 2147483647;
			files = (
				6375155629B513B0009C6B2A /* TodoeyItem+CoreDataClass copy.swift in Sources */,
				6318E06A29AFC2B60028F4F8 /* SectionViewController.swift in Sources */,
				6318E06E29AFD0C50028F4F8 /* ItemManager.swift in Sources */,
				63E9E91529ACE83E000E4CDF /* ItemViewController.swift in Sources */,
				6378B0DD29B08D1E0052BBBC /* SectionManager.swift in Sources */,
				6375155829B5345A009C6B2A /* Constants.swift in Sources */,
				63E9E91129ACE83E000E4CDF /* AppDelegate.swift in Sources */,
				6375155329B513B0009C6B2A /* TodoeyItem+CoreDataProperties copy.swift in Sources */,
				6375155429B513B0009C6B2A /* TodoeySection+CoreDataClass copy.swift in Sources */,
				6375155529B513B0009C6B2A /* TodoeySection+CoreDataProperties copy.swift in Sources */,
				63E9E91329ACE83E000E4CDF /* SceneDelegate.swift in Sources */,
				6318E06729AFB4F20028F4F8 /* DataTableViewCell.swift in Sources */,
			);
			runOnlyForDeploymentPostprocessing = 0;
		};
/* End PBXSourcesBuildPhase section */

/* Begin PBXVariantGroup section */
		63E9E91E29ACE841000E4CDF /* LaunchScreen.storyboard */ = {
			isa = PBXVariantGroup;
			children = (
				63E9E91F29ACE841000E4CDF /* Base */,
			);
			name = LaunchScreen.storyboard;
			sourceTree = "<group>";
		};
/* End PBXVariantGroup section */

/* Begin XCBuildConfiguration section */
		63E9E92229ACE841000E4CDF /* Debug */ = {
			isa = XCBuildConfiguration;
			buildSettings = {
				ALWAYS_SEARCH_USER_PATHS = NO;
				CLANG_ANALYZER_NONNULL = YES;
				CLANG_ANALYZER_NUMBER_OBJECT_CONVERSION = YES_AGGRESSIVE;
				CLANG_CXX_LANGUAGE_STANDARD = "gnu++20";
				CLANG_ENABLE_MODULES = YES;
				CLANG_ENABLE_OBJC_ARC = YES;
				CLANG_ENABLE_OBJC_WEAK = YES;
				CLANG_WARN_BLOCK_CAPTURE_AUTORELEASING = YES;
				CLANG_WARN_BOOL_CONVERSION = YES;
				CLANG_WARN_COMMA = YES;
				CLANG_WARN_CONSTANT_CONVERSION = YES;
				CLANG_WARN_DEPRECATED_OBJC_IMPLEMENTATIONS = YES;
				CLANG_WARN_DIRECT_OBJC_ISA_USAGE = YES_ERROR;
				CLANG_WARN_DOCUMENTATION_COMMENTS = YES;
				CLANG_WARN_EMPTY_BODY = YES;
				CLANG_WARN_ENUM_CONVERSION = YES;
				CLANG_WARN_INFINITE_RECURSION = YES;
				CLANG_WARN_INT_CONVERSION = YES;
				CLANG_WARN_NON_LITERAL_NULL_CONVERSION = YES;
				CLANG_WARN_OBJC_IMPLICIT_RETAIN_SELF = YES;
				CLANG_WARN_OBJC_LITERAL_CONVERSION = YES;
				CLANG_WARN_OBJC_ROOT_CLASS = YES_ERROR;
				CLANG_WARN_QUOTED_INCLUDE_IN_FRAMEWORK_HEADER = YES;
				CLANG_WARN_RANGE_LOOP_ANALYSIS = YES;
				CLANG_WARN_STRICT_PROTOTYPES = YES;
				CLANG_WARN_SUSPICIOUS_MOVE = YES;
				CLANG_WARN_UNGUARDED_AVAILABILITY = YES_AGGRESSIVE;
				CLANG_WARN_UNREACHABLE_CODE = YES;
				CLANG_WARN__DUPLICATE_METHOD_MATCH = YES;
				COPY_PHASE_STRIP = NO;
				DEBUG_INFORMATION_FORMAT = dwarf;
				ENABLE_STRICT_OBJC_MSGSEND = YES;
				ENABLE_TESTABILITY = YES;
				GCC_C_LANGUAGE_STANDARD = gnu11;
				GCC_DYNAMIC_NO_PIC = NO;
				GCC_NO_COMMON_BLOCKS = YES;
				GCC_OPTIMIZATION_LEVEL = 0;
				GCC_PREPROCESSOR_DEFINITIONS = (
					"DEBUG=1",
					"$(inherited)",
				);
				GCC_WARN_64_TO_32_BIT_CONVERSION = YES;
				GCC_WARN_ABOUT_RETURN_TYPE = YES_ERROR;
				GCC_WARN_UNDECLARED_SELECTOR = YES;
				GCC_WARN_UNINITIALIZED_AUTOS = YES_AGGRESSIVE;
				GCC_WARN_UNUSED_FUNCTION = YES;
				GCC_WARN_UNUSED_VARIABLE = YES;
				IPHONEOS_DEPLOYMENT_TARGET = 16.1;
				MTL_ENABLE_DEBUG_INFO = INCLUDE_SOURCE;
				MTL_FAST_MATH = YES;
				ONLY_ACTIVE_ARCH = YES;
				SDKROOT = iphoneos;
				SWIFT_ACTIVE_COMPILATION_CONDITIONS = DEBUG;
				SWIFT_OPTIMIZATION_LEVEL = "-Onone";
			};
			name = Debug;
		};
		63E9E92329ACE841000E4CDF /* Release */ = {
			isa = XCBuildConfiguration;
			buildSettings = {
				ALWAYS_SEARCH_USER_PATHS = NO;
				CLANG_ANALYZER_NONNULL = YES;
				CLANG_ANALYZER_NUMBER_OBJECT_CONVERSION = YES_AGGRESSIVE;
				CLANG_CXX_LANGUAGE_STANDARD = "gnu++20";
				CLANG_ENABLE_MODULES = YES;
				CLANG_ENABLE_OBJC_ARC = YES;
				CLANG_ENABLE_OBJC_WEAK = YES;
				CLANG_WARN_BLOCK_CAPTURE_AUTORELEASING = YES;
				CLANG_WARN_BOOL_CONVERSION = YES;
				CLANG_WARN_COMMA = YES;
				CLANG_WARN_CONSTANT_CONVERSION = YES;
				CLANG_WARN_DEPRECATED_OBJC_IMPLEMENTATIONS = YES;
				CLANG_WARN_DIRECT_OBJC_ISA_USAGE = YES_ERROR;
				CLANG_WARN_DOCUMENTATION_COMMENTS = YES;
				CLANG_WARN_EMPTY_BODY = YES;
				CLANG_WARN_ENUM_CONVERSION = YES;
				CLANG_WARN_INFINITE_RECURSION = YES;
				CLANG_WARN_INT_CONVERSION = YES;
				CLANG_WARN_NON_LITERAL_NULL_CONVERSION = YES;
				CLANG_WARN_OBJC_IMPLICIT_RETAIN_SELF = YES;
				CLANG_WARN_OBJC_LITERAL_CONVERSION = YES;
				CLANG_WARN_OBJC_ROOT_CLASS = YES_ERROR;
				CLANG_WARN_QUOTED_INCLUDE_IN_FRAMEWORK_HEADER = YES;
				CLANG_WARN_RANGE_LOOP_ANALYSIS = YES;
				CLANG_WARN_STRICT_PROTOTYPES = YES;
				CLANG_WARN_SUSPICIOUS_MOVE = YES;
				CLANG_WARN_UNGUARDED_AVAILABILITY = YES_AGGRESSIVE;
				CLANG_WARN_UNREACHABLE_CODE = YES;
				CLANG_WARN__DUPLICATE_METHOD_MATCH = YES;
				COPY_PHASE_STRIP = NO;
				DEBUG_INFORMATION_FORMAT = "dwarf-with-dsym";
				ENABLE_NS_ASSERTIONS = NO;
				ENABLE_STRICT_OBJC_MSGSEND = YES;
				GCC_C_LANGUAGE_STANDARD = gnu11;
				GCC_NO_COMMON_BLOCKS = YES;
				GCC_WARN_64_TO_32_BIT_CONVERSION = YES;
				GCC_WARN_ABOUT_RETURN_TYPE = YES_ERROR;
				GCC_WARN_UNDECLARED_SELECTOR = YES;
				GCC_WARN_UNINITIALIZED_AUTOS = YES_AGGRESSIVE;
				GCC_WARN_UNUSED_FUNCTION = YES;
				GCC_WARN_UNUSED_VARIABLE = YES;
				IPHONEOS_DEPLOYMENT_TARGET = 16.1;
				MTL_ENABLE_DEBUG_INFO = NO;
				MTL_FAST_MATH = YES;
				SDKROOT = iphoneos;
				SWIFT_COMPILATION_MODE = wholemodule;
				SWIFT_OPTIMIZATION_LEVEL = "-O";
				VALIDATE_PRODUCT = YES;
			};
			name = Release;
		};
		63E9E92529ACE841000E4CDF /* Debug */ = {
			isa = XCBuildConfiguration;
			baseConfigurationReference = 7A389BC14843DD45B103A178 /* Pods-Todoey.debug.xcconfig */;
			buildSettings = {
				ASSETCATALOG_COMPILER_APPICON_NAME = AppIcon;
				ASSETCATALOG_COMPILER_GLOBAL_ACCENT_COLOR_NAME = AccentColor;
				CODE_SIGN_STYLE = Automatic;
				CURRENT_PROJECT_VERSION = 1;
				DEVELOPMENT_TEAM = 6J4S5A9MH2;
				GENERATE_INFOPLIST_FILE = YES;
				INFOPLIST_FILE = Todoey/Info.plist;
				INFOPLIST_KEY_UIApplicationSupportsIndirectInputEvents = YES;
				INFOPLIST_KEY_UILaunchStoryboardName = LaunchScreen;
				INFOPLIST_KEY_UISupportedInterfaceOrientations_iPad = "UIInterfaceOrientationPortrait UIInterfaceOrientationPortraitUpsideDown UIInterfaceOrientationLandscapeLeft UIInterfaceOrientationLandscapeRight";
				INFOPLIST_KEY_UISupportedInterfaceOrientations_iPhone = "UIInterfaceOrientationPortrait UIInterfaceOrientationLandscapeLeft UIInterfaceOrientationLandscapeRight";
				LD_RUNPATH_SEARCH_PATHS = (
					"$(inherited)",
					"@executable_path/Frameworks",
				);
				MARKETING_VERSION = 1.0;
				PRODUCT_BUNDLE_IDENTIFIER = sdu.edu.160104029.Todoey;
				PRODUCT_NAME = "$(TARGET_NAME)";
				SWIFT_EMIT_LOC_STRINGS = YES;
				SWIFT_VERSION = 5.0;
				TARGETED_DEVICE_FAMILY = "1,2";
			};
			name = Debug;
		};
		63E9E92629ACE841000E4CDF /* Release */ = {
			isa = XCBuildConfiguration;
			baseConfigurationReference = B6DBE54F0D6234297BDC2229 /* Pods-Todoey.release.xcconfig */;
			buildSettings = {
				ASSETCATALOG_COMPILER_APPICON_NAME = AppIcon;
				ASSETCATALOG_COMPILER_GLOBAL_ACCENT_COLOR_NAME = AccentColor;
				CODE_SIGN_STYLE = Automatic;
				CURRENT_PROJECT_VERSION = 1;
				DEVELOPMENT_TEAM = 6J4S5A9MH2;
				GENERATE_INFOPLIST_FILE = YES;
				INFOPLIST_FILE = Todoey/Info.plist;
				INFOPLIST_KEY_UIApplicationSupportsIndirectInputEvents = YES;
				INFOPLIST_KEY_UILaunchStoryboardName = LaunchScreen;
				INFOPLIST_KEY_UISupportedInterfaceOrientations_iPad = "UIInterfaceOrientationPortrait UIInterfaceOrientationPortraitUpsideDown UIInterfaceOrientationLandscapeLeft UIInterfaceOrientationLandscapeRight";
				INFOPLIST_KEY_UISupportedInterfaceOrientations_iPhone = "UIInterfaceOrientationPortrait UIInterfaceOrientationLandscapeLeft UIInterfaceOrientationLandscapeRight";
				LD_RUNPATH_SEARCH_PATHS = (
					"$(inherited)",
					"@executable_path/Frameworks",
				);
				MARKETING_VERSION = 1.0;
				PRODUCT_BUNDLE_IDENTIFIER = sdu.edu.160104029.Todoey;
				PRODUCT_NAME = "$(TARGET_NAME)";
				SWIFT_EMIT_LOC_STRINGS = YES;
				SWIFT_VERSION = 5.0;
				TARGETED_DEVICE_FAMILY = "1,2";
			};
			name = Release;
		};
/* End XCBuildConfiguration section */

/* Begin XCConfigurationList section */
		63E9E90829ACE83E000E4CDF /* Build configuration list for PBXProject "Todoey" */ = {
			isa = XCConfigurationList;
			buildConfigurations = (
				63E9E92229ACE841000E4CDF /* Debug */,
				63E9E92329ACE841000E4CDF /* Release */,
			);
			defaultConfigurationIsVisible = 0;
			defaultConfigurationName = Release;
		};
		63E9E92429ACE841000E4CDF /* Build configuration list for PBXNativeTarget "Todoey" */ = {
			isa = XCConfigurationList;
			buildConfigurations = (
				63E9E92529ACE841000E4CDF /* Debug */,
				63E9E92629ACE841000E4CDF /* Release */,
			);
			defaultConfigurationIsVisible = 0;
			defaultConfigurationName = Release;
		};
/* End XCConfigurationList section */

/* Begin XCVersionGroup section */
		63E9E91929ACE83E000E4CDF /* Todoey.xcdatamodeld */ = {
			isa = XCVersionGroup;
			children = (
				63E9E91A29ACE83E000E4CDF /* Todoey.xcdatamodel */,
			);
			currentVersion = 63E9E91A29ACE83E000E4CDF /* Todoey.xcdatamodel */;
			path = Todoey.xcdatamodeld;
			sourceTree = "<group>";
			versionGroupType = wrapper.xcdatamodel;
		};
/* End XCVersionGroup section */
	};
	rootObject = 63E9E90529ACE83E000E4CDF /* Project object */;
}
